// !$*UTF8*$!
{
	archiveVersion = 1;
	classes = {
	};
	objectVersion = 50;
	objects = {

/* Begin PBXBuildFile section */
		6B4910F0222C214100ACF281 /* LocalCacheTests.m in Sources */ = {isa = PBXBuildFile; fileRef = 6B4910EF222C214100ACF281 /* LocalCacheTests.m */; };
		6B4910F2222C244C00ACF281 /* DataProviderTests.m in Sources */ = {isa = PBXBuildFile; fileRef = 6B4910F1222C244C00ACF281 /* DataProviderTests.m */; };
		BE058606223D115B005A63C6 /* AsyncImageLoading.m in Sources */ = {isa = PBXBuildFile; fileRef = BE058605223D115B005A63C6 /* AsyncImageLoading.m */; };
		BE3C21AD221AD93600286E91 /* AppDelegate.m in Sources */ = {isa = PBXBuildFile; fileRef = BE3C21AC221AD93600286E91 /* AppDelegate.m */; };
		BE3C21B3221AD93600286E91 /* Main.storyboard in Resources */ = {isa = PBXBuildFile; fileRef = BE3C21B1221AD93600286E91 /* Main.storyboard */; };
		BE3C21B5221AD93700286E91 /* Assets.xcassets in Resources */ = {isa = PBXBuildFile; fileRef = BE3C21B4221AD93700286E91 /* Assets.xcassets */; };
		BE3C21B8221AD93700286E91 /* LaunchScreen.storyboard in Resources */ = {isa = PBXBuildFile; fileRef = BE3C21B6221AD93700286E91 /* LaunchScreen.storyboard */; };
		BE3C21BB221AD93700286E91 /* main.m in Sources */ = {isa = PBXBuildFile; fileRef = BE3C21BA221AD93700286E91 /* main.m */; };
		BE3C21C3221AEE5500286E91 /* ImagesTableViewController.m in Sources */ = {isa = PBXBuildFile; fileRef = BE3C21C2221AEE5500286E91 /* ImagesTableViewController.m */; };
		BE3C21C6221AEF5900286E91 /* ImageTableViewCell.m in Sources */ = {isa = PBXBuildFile; fileRef = BE3C21C5221AEF5900286E91 /* ImageTableViewCell.m */; };
		BE3C21C9221AFDA100286E91 /* ImageTableViewCellViewModel.m in Sources */ = {isa = PBXBuildFile; fileRef = BE3C21C8221AFDA100286E91 /* ImageTableViewCellViewModel.m */; };
		BE3C21D2221BFC9B00286E91 /* UIImageView+AsyncImageLoading.m in Sources */ = {isa = PBXBuildFile; fileRef = BE3C21D1221BFC9B00286E91 /* UIImageView+AsyncImageLoading.m */; };
		BE3C21D8221C03FC00286E91 /* DataProvider.m in Sources */ = {isa = PBXBuildFile; fileRef = BE3C21D7221C03FC00286E91 /* DataProvider.m */; };
		BE3C21DD221C098700286E91 /* LocalCache.m in Sources */ = {isa = PBXBuildFile; fileRef = BE3C21DC221C098700286E91 /* LocalCache.m */; };
		BEB44B99221C35AF00D7786F /* NSURLSessionTask+Associated.m in Sources */ = {isa = PBXBuildFile; fileRef = BEB44B98221C35AF00D7786F /* NSURLSessionTask+Associated.m */; };
		BEB44B9F221D641400D7786F /* ImagesTableViewModel.m in Sources */ = {isa = PBXBuildFile; fileRef = BEB44B9E221D641400D7786F /* ImagesTableViewModel.m */; };
		BEB44BA4221D66B400D7786F /* MainViewController.m in Sources */ = {isa = PBXBuildFile; fileRef = BEB44BA3221D66B400D7786F /* MainViewController.m */; };
		BEB44BA8221D68D400D7786F /* ImagesTableDataSource.m in Sources */ = {isa = PBXBuildFile; fileRef = BEB44BA7221D68D400D7786F /* ImagesTableDataSource.m */; };
		BEB44BAC221D6EC700D7786F /* Constants.m in Sources */ = {isa = PBXBuildFile; fileRef = BEB44BAB221D6EC700D7786F /* Constants.m */; };
		BEB59C22223D1A06001A3D8A /* test.png in Resources */ = {isa = PBXBuildFile; fileRef = BEB59C21223D1A06001A3D8A /* test.png */; };
/* End PBXBuildFile section */

/* Begin PBXContainerItemProxy section */
		6B4910EA222C211200ACF281 /* PBXContainerItemProxy */ = {
			isa = PBXContainerItemProxy;
			containerPortal = BE3C21A0221AD93500286E91 /* Project object */;
			proxyType = 1;
			remoteGlobalIDString = BE3C21A7221AD93600286E91;
			remoteInfo = tableviewimageloading;
		};
/* End PBXContainerItemProxy section */

/* Begin PBXFileReference section */
		6B4910E5222C211200ACF281 /* UnitTests.xctest */ = {isa = PBXFileReference; explicitFileType = wrapper.cfbundle; includeInIndex = 0; path = UnitTests.xctest; sourceTree = BUILT_PRODUCTS_DIR; };
		6B4910E9222C211200ACF281 /* Info.plist */ = {isa = PBXFileReference; lastKnownFileType = text.plist.xml; path = Info.plist; sourceTree = "<group>"; };
		6B4910EF222C214100ACF281 /* LocalCacheTests.m */ = {isa = PBXFileReference; lastKnownFileType = sourcecode.c.objc; path = LocalCacheTests.m; sourceTree = "<group>"; };
		6B4910F1222C244C00ACF281 /* DataProviderTests.m */ = {isa = PBXFileReference; lastKnownFileType = sourcecode.c.objc; path = DataProviderTests.m; sourceTree = "<group>"; };
		BE058605223D115B005A63C6 /* AsyncImageLoading.m */ = {isa = PBXFileReference; lastKnownFileType = sourcecode.c.objc; path = AsyncImageLoading.m; sourceTree = "<group>"; };
		BE3C21A8221AD93600286E91 /* tableviewimageloading.app */ = {isa = PBXFileReference; explicitFileType = wrapper.application; includeInIndex = 0; path = tableviewimageloading.app; sourceTree = BUILT_PRODUCTS_DIR; };
		BE3C21AB221AD93600286E91 /* AppDelegate.h */ = {isa = PBXFileReference; lastKnownFileType = sourcecode.c.h; path = AppDelegate.h; sourceTree = "<group>"; };
		BE3C21AC221AD93600286E91 /* AppDelegate.m */ = {isa = PBXFileReference; lastKnownFileType = sourcecode.c.objc; path = AppDelegate.m; sourceTree = "<group>"; };
		BE3C21B2221AD93600286E91 /* Base */ = {isa = PBXFileReference; lastKnownFileType = file.storyboard; name = Base; path = Base.lproj/Main.storyboard; sourceTree = "<group>"; };
		BE3C21B4221AD93700286E91 /* Assets.xcassets */ = {isa = PBXFileReference; lastKnownFileType = folder.assetcatalog; path = Assets.xcassets; sourceTree = "<group>"; };
		BE3C21B7221AD93700286E91 /* Base */ = {isa = PBXFileReference; lastKnownFileType = file.storyboard; name = Base; path = Base.lproj/LaunchScreen.storyboard; sourceTree = "<group>"; };
		BE3C21B9221AD93700286E91 /* Info.plist */ = {isa = PBXFileReference; lastKnownFileType = text.plist.xml; path = Info.plist; sourceTree = "<group>"; };
		BE3C21BA221AD93700286E91 /* main.m */ = {isa = PBXFileReference; lastKnownFileType = sourcecode.c.objc; path = main.m; sourceTree = "<group>"; };
		BE3C21C1221AEE5500286E91 /* ImagesTableViewController.h */ = {isa = PBXFileReference; lastKnownFileType = sourcecode.c.h; path = ImagesTableViewController.h; sourceTree = "<group>"; };
		BE3C21C2221AEE5500286E91 /* ImagesTableViewController.m */ = {isa = PBXFileReference; lastKnownFileType = sourcecode.c.objc; path = ImagesTableViewController.m; sourceTree = "<group>"; };
		BE3C21C4221AEF5900286E91 /* ImageTableViewCell.h */ = {isa = PBXFileReference; lastKnownFileType = sourcecode.c.h; path = ImageTableViewCell.h; sourceTree = "<group>"; };
		BE3C21C5221AEF5900286E91 /* ImageTableViewCell.m */ = {isa = PBXFileReference; lastKnownFileType = sourcecode.c.objc; path = ImageTableViewCell.m; sourceTree = "<group>"; };
		BE3C21C7221AFDA100286E91 /* ImageTableViewCellViewModel.h */ = {isa = PBXFileReference; lastKnownFileType = sourcecode.c.h; path = ImageTableViewCellViewModel.h; sourceTree = "<group>"; };
		BE3C21C8221AFDA100286E91 /* ImageTableViewCellViewModel.m */ = {isa = PBXFileReference; lastKnownFileType = sourcecode.c.objc; path = ImageTableViewCellViewModel.m; sourceTree = "<group>"; };
		BE3C21D0221BFC9B00286E91 /* UIImageView+AsyncImageLoading.h */ = {isa = PBXFileReference; lastKnownFileType = sourcecode.c.h; path = "UIImageView+AsyncImageLoading.h"; sourceTree = "<group>"; };
		BE3C21D1221BFC9B00286E91 /* UIImageView+AsyncImageLoading.m */ = {isa = PBXFileReference; lastKnownFileType = sourcecode.c.objc; path = "UIImageView+AsyncImageLoading.m"; sourceTree = "<group>"; };
		BE3C21D4221C036300286E91 /* DataProviderProtocol.h */ = {isa = PBXFileReference; lastKnownFileType = sourcecode.c.h; path = DataProviderProtocol.h; sourceTree = "<group>"; };
		BE3C21D6221C03FC00286E91 /* DataProvider.h */ = {isa = PBXFileReference; lastKnownFileType = sourcecode.c.h; path = DataProvider.h; sourceTree = "<group>"; };
		BE3C21D7221C03FC00286E91 /* DataProvider.m */ = {isa = PBXFileReference; lastKnownFileType = sourcecode.c.objc; path = DataProvider.m; sourceTree = "<group>"; };
		BE3C21DA221C08AA00286E91 /* CacheProtocol.h */ = {isa = PBXFileReference; lastKnownFileType = sourcecode.c.h; path = CacheProtocol.h; sourceTree = "<group>"; };
		BE3C21DB221C098700286E91 /* LocalCache.h */ = {isa = PBXFileReference; lastKnownFileType = sourcecode.c.h; path = LocalCache.h; sourceTree = "<group>"; };
		BE3C21DC221C098700286E91 /* LocalCache.m */ = {isa = PBXFileReference; lastKnownFileType = sourcecode.c.objc; path = LocalCache.m; sourceTree = "<group>"; };
		BEB44B97221C35AF00D7786F /* NSURLSessionTask+Associated.h */ = {isa = PBXFileReference; lastKnownFileType = sourcecode.c.h; path = "NSURLSessionTask+Associated.h"; sourceTree = "<group>"; };
		BEB44B98221C35AF00D7786F /* NSURLSessionTask+Associated.m */ = {isa = PBXFileReference; lastKnownFileType = sourcecode.c.objc; path = "NSURLSessionTask+Associated.m"; sourceTree = "<group>"; };
		BEB44B9D221D641400D7786F /* ImagesTableViewModel.h */ = {isa = PBXFileReference; lastKnownFileType = sourcecode.c.h; path = ImagesTableViewModel.h; sourceTree = "<group>"; };
		BEB44B9E221D641400D7786F /* ImagesTableViewModel.m */ = {isa = PBXFileReference; lastKnownFileType = sourcecode.c.objc; path = ImagesTableViewModel.m; sourceTree = "<group>"; };
		BEB44BA2221D66B400D7786F /* MainViewController.h */ = {isa = PBXFileReference; lastKnownFileType = sourcecode.c.h; path = MainViewController.h; sourceTree = "<group>"; };
		BEB44BA3221D66B400D7786F /* MainViewController.m */ = {isa = PBXFileReference; lastKnownFileType = sourcecode.c.objc; path = MainViewController.m; sourceTree = "<group>"; };
		BEB44BA6221D68D400D7786F /* ImagesTableDataSource.h */ = {isa = PBXFileReference; lastKnownFileType = sourcecode.c.h; path = ImagesTableDataSource.h; sourceTree = "<group>"; };
		BEB44BA7221D68D400D7786F /* ImagesTableDataSource.m */ = {isa = PBXFileReference; lastKnownFileType = sourcecode.c.objc; path = ImagesTableDataSource.m; sourceTree = "<group>"; };
		BEB44BAA221D6DE500D7786F /* Constants.h */ = {isa = PBXFileReference; lastKnownFileType = sourcecode.c.h; path = Constants.h; sourceTree = "<group>"; };
		BEB44BAB221D6EC700D7786F /* Constants.m */ = {isa = PBXFileReference; lastKnownFileType = sourcecode.c.objc; path = Constants.m; sourceTree = "<group>"; };
		BEB59C21223D1A06001A3D8A /* test.png */ = {isa = PBXFileReference; lastKnownFileType = image.png; path = test.png; sourceTree = "<group>"; };
/* End PBXFileReference section */

/* Begin PBXFrameworksBuildPhase section */
		6B4910E2222C211200ACF281 /* Frameworks */ = {
			isa = PBXFrameworksBuildPhase;
			buildActionMask = 2147483647;
			files = (
			);
			runOnlyForDeploymentPostprocessing = 0;
		};
		BE3C21A5221AD93600286E91 /* Frameworks */ = {
			isa = PBXFrameworksBuildPhase;
			buildActionMask = 2147483647;
			files = (
			);
			runOnlyForDeploymentPostprocessing = 0;
		};
/* End PBXFrameworksBuildPhase section */

/* Begin PBXGroup section */
		6B4910E6222C211200ACF281 /* UnitTests */ = {
			isa = PBXGroup;
			children = (
				6B4910EF222C214100ACF281 /* LocalCacheTests.m */,
				6B4910F1222C244C00ACF281 /* DataProviderTests.m */,
				BE058605223D115B005A63C6 /* AsyncImageLoading.m */,
				BEB59C21223D1A06001A3D8A /* test.png */,
				6B4910E9222C211200ACF281 /* Info.plist */,
			);
			path = UnitTests;
			sourceTree = "<group>";
		};
		BE3C219F221AD93500286E91 = {
			isa = PBXGroup;
			children = (
				BE3C21AA221AD93600286E91 /* tableviewimageloading */,
				6B4910E6222C211200ACF281 /* UnitTests */,
				BE3C21A9221AD93600286E91 /* Products */,
			);
			sourceTree = "<group>";
		};
		BE3C21A9221AD93600286E91 /* Products */ = {
			isa = PBXGroup;
			children = (
				BE3C21A8221AD93600286E91 /* tableviewimageloading.app */,
				6B4910E5222C211200ACF281 /* UnitTests.xctest */,
			);
			name = Products;
			sourceTree = "<group>";
		};
		BE3C21AA221AD93600286E91 /* tableviewimageloading */ = {
			isa = PBXGroup;
			children = (
				BE3C21CB221BEEF700286E91 /* AppDelegate */,
				BE3C21CC221BEF0000286E91 /* Resources */,
				BE3C21CA221BEEBB00286E91 /* ViewControllers */,
				BE3C21CD221BF97900286E91 /* TableViewCells */,
				BE3C21D3221BFCAF00286E91 /* Categories */,
				BE3C21D5221C036C00286E91 /* Protocols */,
				BE3C21D9221C040700286E91 /* Services */,
				BEB44BAD221D6F3A00D7786F /* Constants */,
				BE3C21BA221AD93700286E91 /* main.m */,
				BE3C21B9221AD93700286E91 /* Info.plist */,
			);
			path = tableviewimageloading;
			sourceTree = "<group>";
		};
		BE3C21CA221BEEBB00286E91 /* ViewControllers */ = {
			isa = PBXGroup;
			children = (
				BEB44BA5221D66B700D7786F /* MainView */,
				BEB44BA0221D642100D7786F /* ImagesTableView */,
			);
			path = ViewControllers;
			sourceTree = "<group>";
		};
		BE3C21CB221BEEF700286E91 /* AppDelegate */ = {
			isa = PBXGroup;
			children = (
				BE3C21AB221AD93600286E91 /* AppDelegate.h */,
				BE3C21AC221AD93600286E91 /* AppDelegate.m */,
			);
			path = AppDelegate;
			sourceTree = "<group>";
		};
		BE3C21CC221BEF0000286E91 /* Resources */ = {
			isa = PBXGroup;
			children = (
				BE3C21B1221AD93600286E91 /* Main.storyboard */,
				BE3C21B6221AD93700286E91 /* LaunchScreen.storyboard */,
				BE3C21B4221AD93700286E91 /* Assets.xcassets */,
			);
			path = Resources;
			sourceTree = "<group>";
		};
		BE3C21CD221BF97900286E91 /* TableViewCells */ = {
			isa = PBXGroup;
			children = (
				BE3C21CE221BF99300286E91 /* ImageCell */,
			);
			path = TableViewCells;
			sourceTree = "<group>";
		};
		BE3C21CE221BF99300286E91 /* ImageCell */ = {
			isa = PBXGroup;
			children = (
				BE3C21CF221BF9A600286E91 /* ViewModel */,
				BE3C21C4221AEF5900286E91 /* ImageTableViewCell.h */,
				BE3C21C5221AEF5900286E91 /* ImageTableViewCell.m */,
			);
			path = ImageCell;
			sourceTree = "<group>";
		};
		BE3C21CF221BF9A600286E91 /* ViewModel */ = {
			isa = PBXGroup;
			children = (
				BE3C21C7221AFDA100286E91 /* ImageTableViewCellViewModel.h */,
				BE3C21C8221AFDA100286E91 /* ImageTableViewCellViewModel.m */,
			);
			path = ViewModel;
			sourceTree = "<group>";
		};
		BE3C21D3221BFCAF00286E91 /* Categories */ = {
			isa = PBXGroup;
			children = (
				BE3C21D0221BFC9B00286E91 /* UIImageView+AsyncImageLoading.h */,
				BE3C21D1221BFC9B00286E91 /* UIImageView+AsyncImageLoading.m */,
				BEB44B97221C35AF00D7786F /* NSURLSessionTask+Associated.h */,
				BEB44B98221C35AF00D7786F /* NSURLSessionTask+Associated.m */,
			);
			path = Categories;
			sourceTree = "<group>";
		};
		BE3C21D5221C036C00286E91 /* Protocols */ = {
			isa = PBXGroup;
			children = (
				BE3C21D4221C036300286E91 /* DataProviderProtocol.h */,
				BE3C21DA221C08AA00286E91 /* CacheProtocol.h */,
			);
			path = Protocols;
			sourceTree = "<group>";
		};
		BE3C21D9221C040700286E91 /* Services */ = {
			isa = PBXGroup;
			children = (
				BE3C21D6221C03FC00286E91 /* DataProvider.h */,
				BE3C21D7221C03FC00286E91 /* DataProvider.m */,
				BE3C21DB221C098700286E91 /* LocalCache.h */,
				BE3C21DC221C098700286E91 /* LocalCache.m */,
			);
			path = Services;
			sourceTree = "<group>";
		};
		BEB44BA0221D642100D7786F /* ImagesTableView */ = {
			isa = PBXGroup;
			children = (
				BEB44BA1221D642C00D7786F /* ViewModel */,
				BEB44BA9221D6A7C00D7786F /* TableViewDataSource */,
				BE3C21C1221AEE5500286E91 /* ImagesTableViewController.h */,
				BE3C21C2221AEE5500286E91 /* ImagesTableViewController.m */,
			);
			path = ImagesTableView;
			sourceTree = "<group>";
		};
		BEB44BA1221D642C00D7786F /* ViewModel */ = {
			isa = PBXGroup;
			children = (
				BEB44B9D221D641400D7786F /* ImagesTableViewModel.h */,
				BEB44B9E221D641400D7786F /* ImagesTableViewModel.m */,
			);
			path = ViewModel;
			sourceTree = "<group>";
		};
		BEB44BA5221D66B700D7786F /* MainView */ = {
			isa = PBXGroup;
			children = (
				BEB44BA2221D66B400D7786F /* MainViewController.h */,
				BEB44BA3221D66B400D7786F /* MainViewController.m */,
			);
			path = MainView;
			sourceTree = "<group>";
		};
		BEB44BA9221D6A7C00D7786F /* TableViewDataSource */ = {
			isa = PBXGroup;
			children = (
				BEB44BA6221D68D400D7786F /* ImagesTableDataSource.h */,
				BEB44BA7221D68D400D7786F /* ImagesTableDataSource.m */,
			);
			path = TableViewDataSource;
			sourceTree = "<group>";
		};
		BEB44BAD221D6F3A00D7786F /* Constants */ = {
			isa = PBXGroup;
			children = (
				BEB44BAA221D6DE500D7786F /* Constants.h */,
				BEB44BAB221D6EC700D7786F /* Constants.m */,
			);
			path = Constants;
			sourceTree = "<group>";
		};
/* End PBXGroup section */

/* Begin PBXNativeTarget section */
		6B4910E4222C211200ACF281 /* UnitTests */ = {
			isa = PBXNativeTarget;
			buildConfigurationList = 6B4910EE222C211200ACF281 /* Build configuration list for PBXNativeTarget "UnitTests" */;
			buildPhases = (
				6B4910E1222C211200ACF281 /* Sources */,
				6B4910E2222C211200ACF281 /* Frameworks */,
				6B4910E3222C211200ACF281 /* Resources */,
			);
			buildRules = (
			);
			dependencies = (
				6B4910EB222C211200ACF281 /* PBXTargetDependency */,
			);
			name = UnitTests;
			productName = UnitTests;
			productReference = 6B4910E5222C211200ACF281 /* UnitTests.xctest */;
			productType = "com.apple.product-type.bundle.unit-test";
		};
		BE3C21A7221AD93600286E91 /* tableviewimageloading */ = {
			isa = PBXNativeTarget;
			buildConfigurationList = BE3C21BE221AD93700286E91 /* Build configuration list for PBXNativeTarget "tableviewimageloading" */;
			buildPhases = (
				BE3C21A4221AD93600286E91 /* Sources */,
				BE3C21A5221AD93600286E91 /* Frameworks */,
				BE3C21A6221AD93600286E91 /* Resources */,
			);
			buildRules = (
			);
			dependencies = (
			);
			name = tableviewimageloading;
			productName = tableviewimageloading;
			productReference = BE3C21A8221AD93600286E91 /* tableviewimageloading.app */;
			productType = "com.apple.product-type.application";
		};
/* End PBXNativeTarget section */

/* Begin PBXProject section */
		BE3C21A0221AD93500286E91 /* Project object */ = {
			isa = PBXProject;
			attributes = {
				LastUpgradeCheck = 1010;
				ORGANIZATIONNAME = "Aleksei Tsyss";
				TargetAttributes = {
					6B4910E4222C211200ACF281 = {
						CreatedOnToolsVersion = 10.1;
						TestTargetID = BE3C21A7221AD93600286E91;
					};
					BE3C21A7221AD93600286E91 = {
						CreatedOnToolsVersion = 10.1;
					};
				};
			};
			buildConfigurationList = BE3C21A3221AD93500286E91 /* Build configuration list for PBXProject "tableviewimageloading" */;
			compatibilityVersion = "Xcode 9.3";
			developmentRegion = en;
			hasScannedForEncodings = 0;
			knownRegions = (
				en,
				Base,
			);
			mainGroup = BE3C219F221AD93500286E91;
			productRefGroup = BE3C21A9221AD93600286E91 /* Products */;
			projectDirPath = "";
			projectRoot = "";
			targets = (
				BE3C21A7221AD93600286E91 /* tableviewimageloading */,
				6B4910E4222C211200ACF281 /* UnitTests */,
			);
		};
/* End PBXProject section */

/* Begin PBXResourcesBuildPhase section */
		6B4910E3222C211200ACF281 /* Resources */ = {
			isa = PBXResourcesBuildPhase;
			buildActionMask = 2147483647;
			files = (
				BEB59C22223D1A06001A3D8A /* test.png in Resources */,
			);
			runOnlyForDeploymentPostprocessing = 0;
		};
		BE3C21A6221AD93600286E91 /* Resources */ = {
			isa = PBXResourcesBuildPhase;
			buildActionMask = 2147483647;
			files = (
				BE3C21B8221AD93700286E91 /* LaunchScreen.storyboard in Resources */,
				BE3C21B5221AD93700286E91 /* Assets.xcassets in Resources */,
				BE3C21B3221AD93600286E91 /* Main.storyboard in Resources */,
			);
			runOnlyForDeploymentPostprocessing = 0;
		};
/* End PBXResourcesBuildPhase section */

/* Begin PBXSourcesBuildPhase section */
		6B4910E1222C211200ACF281 /* Sources */ = {
			isa = PBXSourcesBuildPhase;
			buildActionMask = 2147483647;
			files = (
				6B4910F2222C244C00ACF281 /* DataProviderTests.m in Sources */,
				BE058606223D115B005A63C6 /* AsyncImageLoading.m in Sources */,
				6B4910F0222C214100ACF281 /* LocalCacheTests.m in Sources */,
			);
			runOnlyForDeploymentPostprocessing = 0;
		};
		BE3C21A4221AD93600286E91 /* Sources */ = {
			isa = PBXSourcesBuildPhase;
			buildActionMask = 2147483647;
			files = (
				BEB44BA4221D66B400D7786F /* MainViewController.m in Sources */,
				BE3C21D2221BFC9B00286E91 /* UIImageView+AsyncImageLoading.m in Sources */,
				BE3C21BB221AD93700286E91 /* main.m in Sources */,
				BEB44B99221C35AF00D7786F /* NSURLSessionTask+Associated.m in Sources */,
				BE3C21C6221AEF5900286E91 /* ImageTableViewCell.m in Sources */,
				BE3C21D8221C03FC00286E91 /* DataProvider.m in Sources */,
				BE3C21AD221AD93600286E91 /* AppDelegate.m in Sources */,
				BEB44BAC221D6EC700D7786F /* Constants.m in Sources */,
				BE3C21C3221AEE5500286E91 /* ImagesTableViewController.m in Sources */,
				BE3C21DD221C098700286E91 /* LocalCache.m in Sources */,
				BE3C21C9221AFDA100286E91 /* ImageTableViewCellViewModel.m in Sources */,
				BEB44B9F221D641400D7786F /* ImagesTableViewModel.m in Sources */,
				BEB44BA8221D68D400D7786F /* ImagesTableDataSource.m in Sources */,
			);
			runOnlyForDeploymentPostprocessing = 0;
		};
/* End PBXSourcesBuildPhase section */

/* Begin PBXTargetDependency section */
		6B4910EB222C211200ACF281 /* PBXTargetDependency */ = {
			isa = PBXTargetDependency;
			target = BE3C21A7221AD93600286E91 /* tableviewimageloading */;
			targetProxy = 6B4910EA222C211200ACF281 /* PBXContainerItemProxy */;
		};
/* End PBXTargetDependency section */

/* Begin PBXVariantGroup section */
		BE3C21B1221AD93600286E91 /* Main.storyboard */ = {
			isa = PBXVariantGroup;
			children = (
				BE3C21B2221AD93600286E91 /* Base */,
			);
			name = Main.storyboard;
			sourceTree = "<group>";
		};
		BE3C21B6221AD93700286E91 /* LaunchScreen.storyboard */ = {
			isa = PBXVariantGroup;
			children = (
				BE3C21B7221AD93700286E91 /* Base */,
			);
			name = LaunchScreen.storyboard;
			sourceTree = "<group>";
		};
/* End PBXVariantGroup section */

/* Begin XCBuildConfiguration section */
		6B4910EC222C211200ACF281 /* Debug */ = {
			isa = XCBuildConfiguration;
			buildSettings = {
				BUNDLE_LOADER = "$(TEST_HOST)";
				CODE_SIGN_STYLE = Automatic;
				DEVELOPMENT_TEAM = 5L7J7GXDUW;
				INFOPLIST_FILE = UnitTests/Info.plist;
				LD_RUNPATH_SEARCH_PATHS = (
					"$(inherited)",
					"@executable_path/Frameworks",
					"@loader_path/Frameworks",
				);
				PRODUCT_BUNDLE_IDENTIFIER = home.UnitTests;
				PRODUCT_NAME = "$(TARGET_NAME)";
				TARGETED_DEVICE_FAMILY = "1,2";
				TEST_HOST = "$(BUILT_PRODUCTS_DIR)/tableviewimageloading.app/tableviewimageloading";
			};
			name = Debug;
		};
		6B4910ED222C211200ACF281 /* Release */ = {
			isa = XCBuildConfiguration;
			buildSettings = {
				BUNDLE_LOADER = "$(TEST_HOST)";
				CODE_SIGN_STYLE = Automatic;
				DEVELOPMENT_TEAM = 5L7J7GXDUW;
				INFOPLIST_FILE = UnitTests/Info.plist;
				LD_RUNPATH_SEARCH_PATHS = (
					"$(inherited)",
					"@executable_path/Frameworks",
					"@loader_path/Frameworks",
				);
				PRODUCT_BUNDLE_IDENTIFIER = home.UnitTests;
				PRODUCT_NAME = "$(TARGET_NAME)";
				TARGETED_DEVICE_FAMILY = "1,2";
				TEST_HOST = "$(BUILT_PRODUCTS_DIR)/tableviewimageloading.app/tableviewimageloading";
			};
			name = Release;
		};
		BE3C21BC221AD93700286E91 /* Debug */ = {
			isa = XCBuildConfiguration;
			buildSettings = {
				ALWAYS_SEARCH_USER_PATHS = NO;
				CLANG_ANALYZER_NONNULL = YES;
				CLANG_ANALYZER_NUMBER_OBJECT_CONVERSION = YES_AGGRESSIVE;
				CLANG_CXX_LANGUAGE_STANDARD = "gnu++14";
				CLANG_CXX_LIBRARY = "libc++";
				CLANG_ENABLE_MODULES = YES;
				CLANG_ENABLE_OBJC_ARC = YES;
				CLANG_ENABLE_OBJC_WEAK = YES;
				CLANG_WARN_BLOCK_CAPTURE_AUTORELEASING = YES;
				CLANG_WARN_BOOL_CONVERSION = YES;
				CLANG_WARN_COMMA = YES;
				CLANG_WARN_CONSTANT_CONVERSION = YES;
				CLANG_WARN_DEPRECATED_OBJC_IMPLEMENTATIONS = YES;
				CLANG_WARN_DIRECT_OBJC_ISA_USAGE = YES_ERROR;
				CLANG_WARN_DOCUMENTATION_COMMENTS = YES;
				CLANG_WARN_EMPTY_BODY = YES;
				CLANG_WARN_ENUM_CONVERSION = YES;
				CLANG_WARN_INFINITE_RECURSION = YES;
				CLANG_WARN_INT_CONVERSION = YES;
				CLANG_WARN_NON_LITERAL_NULL_CONVERSION = YES;
				CLANG_WARN_OBJC_IMPLICIT_RETAIN_SELF = YES;
				CLANG_WARN_OBJC_LITERAL_CONVERSION = YES;
				CLANG_WARN_OBJC_ROOT_CLASS = YES_ERROR;
				CLANG_WARN_RANGE_LOOP_ANALYSIS = YES;
				CLANG_WARN_STRICT_PROTOTYPES = YES;
				CLANG_WARN_SUSPICIOUS_MOVE = YES;
				CLANG_WARN_UNGUARDED_AVAILABILITY = YES_AGGRESSIVE;
				CLANG_WARN_UNREACHABLE_CODE = YES;
				CLANG_WARN__DUPLICATE_METHOD_MATCH = YES;
				CODE_SIGN_IDENTITY = "iPhone Developer";
				COPY_PHASE_STRIP = NO;
				DEBUG_INFORMATION_FORMAT = dwarf;
				ENABLE_STRICT_OBJC_MSGSEND = YES;
				ENABLE_TESTABILITY = YES;
				GCC_C_LANGUAGE_STANDARD = gnu11;
				GCC_DYNAMIC_NO_PIC = NO;
				GCC_NO_COMMON_BLOCKS = YES;
				GCC_OPTIMIZATION_LEVEL = 0;
				GCC_PREPROCESSOR_DEFINITIONS = (
					"DEBUG=1",
					"$(inherited)",
				);
				GCC_WARN_64_TO_32_BIT_CONVERSION = YES;
				GCC_WARN_ABOUT_RETURN_TYPE = YES_ERROR;
				GCC_WARN_UNDECLARED_SELECTOR = YES;
				GCC_WARN_UNINITIALIZED_AUTOS = YES_AGGRESSIVE;
				GCC_WARN_UNUSED_FUNCTION = YES;
				GCC_WARN_UNUSED_VARIABLE = YES;
				IPHONEOS_DEPLOYMENT_TARGET = 12.1;
				MTL_ENABLE_DEBUG_INFO = INCLUDE_SOURCE;
				MTL_FAST_MATH = YES;
				ONLY_ACTIVE_ARCH = YES;
				SDKROOT = iphoneos;
			};
			name = Debug;
		};
		BE3C21BD221AD93700286E91 /* Release */ = {
			isa = XCBuildConfiguration;
			buildSettings = {
				ALWAYS_SEARCH_USER_PATHS = NO;
				CLANG_ANALYZER_NONNULL = YES;
				CLANG_ANALYZER_NUMBER_OBJECT_CONVERSION = YES_AGGRESSIVE;
				CLANG_CXX_LANGUAGE_STANDARD = "gnu++14";
				CLANG_CXX_LIBRARY = "libc++";
				CLANG_ENABLE_MODULES = YES;
				CLANG_ENABLE_OBJC_ARC = YES;
				CLANG_ENABLE_OBJC_WEAK = YES;
				CLANG_WARN_BLOCK_CAPTURE_AUTORELEASING = YES;
				CLANG_WARN_BOOL_CONVERSION = YES;
				CLANG_WARN_COMMA = YES;
				CLANG_WARN_CONSTANT_CONVERSION = YES;
				CLANG_WARN_DEPRECATED_OBJC_IMPLEMENTATIONS = YES;
				CLANG_WARN_DIRECT_OBJC_ISA_USAGE = YES_ERROR;
				CLANG_WARN_DOCUMENTATION_COMMENTS = YES;
				CLANG_WARN_EMPTY_BODY = YES;
				CLANG_WARN_ENUM_CONVERSION = YES;
				CLANG_WARN_INFINITE_RECURSION = YES;
				CLANG_WARN_INT_CONVERSION = YES;
				CLANG_WARN_NON_LITERAL_NULL_CONVERSION = YES;
				CLANG_WARN_OBJC_IMPLICIT_RETAIN_SELF = YES;
				CLANG_WARN_OBJC_LITERAL_CONVERSION = YES;
				CLANG_WARN_OBJC_ROOT_CLASS = YES_ERROR;
				CLANG_WARN_RANGE_LOOP_ANALYSIS = YES;
				CLANG_WARN_STRICT_PROTOTYPES = YES;
				CLANG_WARN_SUSPICIOUS_MOVE = YES;
				CLANG_WARN_UNGUARDED_AVAILABILITY = YES_AGGRESSIVE;
				CLANG_WARN_UNREACHABLE_CODE = YES;
				CLANG_WARN__DUPLICATE_METHOD_MATCH = YES;
				CODE_SIGN_IDENTITY = "iPhone Developer";
				COPY_PHASE_STRIP = NO;
				DEBUG_INFORMATION_FORMAT = "dwarf-with-dsym";
				ENABLE_NS_ASSERTIONS = NO;
				ENABLE_STRICT_OBJC_MSGSEND = YES;
				GCC_C_LANGUAGE_STANDARD = gnu11;
				GCC_NO_COMMON_BLOCKS = YES;
				GCC_WARN_64_TO_32_BIT_CONVERSION = YES;
				GCC_WARN_ABOUT_RETURN_TYPE = YES_ERROR;
				GCC_WARN_UNDECLARED_SELECTOR = YES;
				GCC_WARN_UNINITIALIZED_AUTOS = YES_AGGRESSIVE;
				GCC_WARN_UNUSED_FUNCTION = YES;
				GCC_WARN_UNUSED_VARIABLE = YES;
				IPHONEOS_DEPLOYMENT_TARGET = 12.1;
				MTL_ENABLE_DEBUG_INFO = NO;
				MTL_FAST_MATH = YES;
				SDKROOT = iphoneos;
				VALIDATE_PRODUCT = YES;
			};
			name = Release;
		};
		BE3C21BF221AD93700286E91 /* Debug */ = {
			isa = XCBuildConfiguration;
			buildSettings = {
				ASSETCATALOG_COMPILER_APPICON_NAME = AppIcon;
				CODE_SIGN_STYLE = Automatic;
				DEVELOPMENT_TEAM = 5L7J7GXDUW;
				INFOPLIST_FILE = tableviewimageloading/Info.plist;
				LD_RUNPATH_SEARCH_PATHS = (
					"$(inherited)",
					"@executable_path/Frameworks",
				);
				PRODUCT_BUNDLE_IDENTIFIER = home.tableviewimageloading;
				PRODUCT_NAME = "$(TARGET_NAME)";
				TARGETED_DEVICE_FAMILY = "1,2";
			};
			name = Debug;
		};
		BE3C21C0221AD93700286E91 /* Release */ = {
			isa = XCBuildConfiguration;
			buildSettings = {
				ASSETCATALOG_COMPILER_APPICON_NAME = AppIcon;
				CODE_SIGN_STYLE = Automatic;
				DEVELOPMENT_TEAM = 5L7J7GXDUW;
				INFOPLIST_FILE = tableviewimageloading/Info.plist;
				LD_RUNPATH_SEARCH_PATHS = (
					"$(inherited)",
					"@executable_path/Frameworks",
				);
				PRODUCT_BUNDLE_IDENTIFIER = home.tableviewimageloading;
				PRODUCT_NAME = "$(TARGET_NAME)";
				TARGETED_DEVICE_FAMILY = "1,2";
			};
			name = Release;
		};
/* End XCBuildConfiguration section */

/* Begin XCConfigurationList section */
		6B4910EE222C211200ACF281 /* Build configuration list for PBXNativeTarget "UnitTests" */ = {
			isa = XCConfigurationList;
			buildConfigurations = (
				6B4910EC222C211200ACF281 /* Debug */,
				6B4910ED222C211200ACF281 /* Release */,
			);
			defaultConfigurationIsVisible = 0;
			defaultConfigurationName = Release;
		};
		BE3C21A3221AD93500286E91 /* Build configuration list for PBXProject "tableviewimageloading" */ = {
			isa = XCConfigurationList;
			buildConfigurations = (
				BE3C21BC221AD93700286E91 /* Debug */,
				BE3C21BD221AD93700286E91 /* Release */,
			);
			defaultConfigurationIsVisible = 0;
			defaultConfigurationName = Release;
		};
		BE3C21BE221AD93700286E91 /* Build configuration list for PBXNativeTarget "tableviewimageloading" */ = {
			isa = XCConfigurationList;
			buildConfigurations = (
				BE3C21BF221AD93700286E91 /* Debug */,
				BE3C21C0221AD93700286E91 /* Release */,
			);
			defaultConfigurationIsVisible = 0;
			defaultConfigurationName = Release;
		};
/* End XCConfigurationList section */
	};
	rootObject = BE3C21A0221AD93500286E91 /* Project object */;
}
